
Microsoft Visual Studio Solution File, Format Version 12.00
# Visual Studio Version 16
VisualStudioVersion = 16.0.29503.13
MinimumVisualStudioVersion = 10.0.40219.1
Project("{FAE04EC0-301F-11D3-BF4B-00C04F79EFBC}") = "BudgetManager", "BudgetManager\BudgetManager.csproj", "{4B3599AA-7CF9-4D9D-8A38-D3AB32BEA74B}"
EndProject
Global
	GlobalSection(SolutionConfigurationPlatforms) = preSolution
		Debug|Any CPU = Debug|Any CPU
		Release|Any CPU = Release|Any CPU
	EndGlobalSection
	GlobalSection(ProjectConfigurationPlatforms) = postSolution
		{4B3599AA-7CF9-4D9D-8A38-D3AB32BEA74B}.Debug|Any CPU.ActiveCfg = Debug|Any CPU
		{4B3599AA-7CF9-4D9D-8A38-D3AB32BEA74B}.Debug|Any CPU.Build.0 = Debug|Any CPU
		{4B3599AA-7CF9-4D9D-8A38-D3AB32BEA74B}.Release|Any CPU.ActiveCfg = Release|Any CPU
		{4B3599AA-7CF9-4D9D-8A38-D3AB32BEA74B}.Release|Any CPU.Build.0 = Release|Any CPU
	EndGlobalSection
	GlobalSection(SolutionProperties) = preSolution
		HideSolutionNode = FALSE
	EndGlobalSection
	GlobalSection(ExtensibilityGlobals) = postSolution
		SolutionGuid = {097CF9DC-B997-4ECD-8DD8-B15D4D1F7E28}
	EndGlobalSection
EndGlobal
